Microsoft Visual Studio Solution File, Format Version 12.00
# Visual Studio Version 17
VisualStudioVersion = 17.5.2.0
MinimumVisualStudioVersion = 10.0.40219.1
Project("{FAE04EC0-301F-11D3-BF4B-00C04F79EFBC}") = "stack-implementation", "stack-implementation.csproj", "{A65822B4-30DF-D422-034C-F6D94D694374}"
EndProject
Global
	GlobalSection(SolutionConfigurationPlatforms) = preSolution
		Debug|Any CPU = Debug|Any CPU
		Release|Any CPU = Release|Any CPU
	EndGlobalSection
	GlobalSection(ProjectConfigurationPlatforms) = postSolution
		{A65822B4-30DF-D422-034C-F6D94D694374}.Debug|Any CPU.ActiveCfg = Debug|Any CPU
		{A65822B4-30DF-D422-034C-F6D94D694374}.Debug|Any CPU.Build.0 = Debug|Any CPU
		{A65822B4-30DF-D422-034C-F6D94D694374}.Release|Any CPU.ActiveCfg = Release|Any CPU
		{A65822B4-30DF-D422-034C-F6D94D694374}.Release|Any CPU.Build.0 = Release|Any CPU
	EndGlobalSection
	GlobalSection(SolutionProperties) = preSolution
		HideSolutionNode = FALSE
	EndGlobalSection
	GlobalSection(ExtensibilityGlobals) = postSolution
		SolutionGuid = {893A7695-0183-46A7-8D16-A8129553833E}
	EndGlobalSection
EndGlobal
